<?xml version="1.0" encoding="utf-8"?>
<Project ToolsVersion="4.0" xmlns="http://schemas.microsoft.com/developer/msbuild/2003">
  <ItemGroup>
    <Filter Include="Source Files">
      <UniqueIdentifier>{4FC737F1-C7A5-4376-A066-2A32D752A2FF}</UniqueIdentifier>
      <Extensions>cpp;c;cc;cxx;def;odl;idl;hpj;bat;asm;asmx</Extensions>
    </Filter>
    <Filter Include="Header Files">
      <UniqueIdentifier>{93995380-89BD-4b04-88EB-625FBE52EBFB}</UniqueIdentifier>
      <Extensions>h;hh;hpp;hxx;hm;inl;inc;xsd</Extensions>
    </Filter>
    <Filter Include="Resource Files">
      <UniqueIdentifier>{67DA6AB6-F800-4c08-8B7A-83BB121AAD01}</UniqueIdentifier>
      <Extensions>rc;ico;cur;bmp;dlg;rc2;rct;bin;rgs;gif;jpg;jpeg;jpe;resx;tiff;tif;png;wav</Extensions>
    </Filter>
  </ItemGroup>
  <ItemGroup>
    <ClCompile Include="sik\main.cpp">
      <Filter>Source Files</Filter>
    </ClCompile>
    <ClCompile Include="sik\SIKTokens.cpp">
      <Filter>Source Files</Filter>
    </ClCompile>
    <ClCompile Include="sik\SIK_Lex.cpp">
      <Filter>Source Files</Filter>
    </ClCompile>
    <ClCompile Include="SIK\SIKScript.cpp">
      <Filter>Source Files</Filter>
    </ClCompile>
    <ClCompile Include="SIK\argvparser.cpp">
      <Filter>Source Files</Filter>
    </ClCompile>
    <ClCompile Include="SIK\SIKLang.cpp">
      <Filter>Source Files</Filter>
    </ClCompile>
    <ClCompile Include="SIK\SIKAst.cpp">
      <Filter>Source Files</Filter>
    </ClCompile>
    <ClCompile Include="SIK\SIKParser.cpp">
      <Filter>Source Files</Filter>
    </ClCompile>
    <ClCompile Include="SIK\SIKException.cpp">
      <Filter>Source Files</Filter>
    </ClCompile>
    <ClCompile Include="SIK\SIKInstruct.cpp">
      <Filter>Source Files</Filter>
    </ClCompile>
    <ClCompile Include="SIK\SIKAnaCode.cpp">
      <Filter>Source Files</Filter>
    </ClCompile>
    <ClCompile Include="SIK\SIKVm.cpp">
      <Filter>Source Files</Filter>
    </ClCompile>
    <ClCompile Include="SIK\SIKObj.cpp">
      <Filter>Source Files</Filter>
    </ClCompile>
  </ItemGroup>
  <ItemGroup>
    <ClInclude Include="sik\SIKAdd.hpp">
      <Filter>Header Files</Filter>
    </ClInclude>
    <ClInclude Include="sik\SIKTokens.hpp">
      <Filter>Header Files</Filter>
    </ClInclude>
    <ClInclude Include="sik\SIK_Lex.hpp">
      <Filter>Header Files</Filter>
    </ClInclude>
    <ClInclude Include="SIK\SIKScript.hpp">
      <Filter>Header Files</Filter>
    </ClInclude>
    <ClInclude Include="SIK\argvparser.hpp">
      <Filter>Header Files</Filter>
    </ClInclude>
    <ClInclude Include="SIK\SIKLang.hpp">
      <Filter>Header Files</Filter>
    </ClInclude>
    <ClInclude Include="SIK\SIKAst.hpp">
      <Filter>Header Files</Filter>
    </ClInclude>
    <ClInclude Include="SIK\SIKParser.hpp">
      <Filter>Header Files</Filter>
    </ClInclude>
    <ClInclude Include="SIK\SIKException.hpp">
      <Filter>Header Files</Filter>
    </ClInclude>
    <ClInclude Include="SIK\SIKInstruct.hpp">
      <Filter>Header Files</Filter>
    </ClInclude>
    <ClInclude Include="SIK\SETSIK.hpp">
      <Filter>Header Files</Filter>
    </ClInclude>
    <ClInclude Include="SIK\SIKAnaCode.hpp">
      <Filter>Header Files</Filter>
    </ClInclude>
    <ClInclude Include="SIK\SIKVm.hpp">
      <Filter>Header Files</Filter>
    </ClInclude>
    <ClInclude Include="SIK\SIKObj.hpp">
      <Filter>Header Files</Filter>
    </ClInclude>
    <ClInclude Include="SIK\tinydir.h">
      <Filter>Header Files</Filter>
    </ClInclude>
  </ItemGroup>
  <ItemGroup>
    <None Include="More\siktest.sik" />
  </ItemGroup>
  <ItemGroup>
    <Text Include="More\todo.txt" />
  </ItemGroup>
</Project>