// !$*UTF8*$!
{
	archiveVersion = 1;
	classes = {
	};
	objectVersion = 46;
	objects = {

/* Begin PBXBuildFile section */
		351CA7451E1FB7B0002EA450 /* argvparser.cpp in Sources */ = {isa = PBXBuildFile; fileRef = 351CA7301E1FB7B0002EA450 /* argvparser.cpp */; };
		351CA7461E1FB7B0002EA450 /* SIKAnaCode.cpp in Sources */ = {isa = PBXBuildFile; fileRef = 351CA7331E1FB7B0002EA450 /* SIKAnaCode.cpp */; };
		351CA7471E1FB7B0002EA450 /* SIKAst.cpp in Sources */ = {isa = PBXBuildFile; fileRef = 351CA7351E1FB7B0002EA450 /* SIKAst.cpp */; };
		351CA7481E1FB7B0002EA450 /* SIKException.cpp in Sources */ = {isa = PBXBuildFile; fileRef = 351CA7371E1FB7B0002EA450 /* SIKException.cpp */; };
		351CA7491E1FB7B0002EA450 /* SIKInstruct.cpp in Sources */ = {isa = PBXBuildFile; fileRef = 351CA7391E1FB7B0002EA450 /* SIKInstruct.cpp */; };
		351CA74A1E1FB7B0002EA450 /* SIKLang.cpp in Sources */ = {isa = PBXBuildFile; fileRef = 351CA73B1E1FB7B0002EA450 /* SIKLang.cpp */; };
		351CA74B1E1FB7B0002EA450 /* SIKObj.cpp in Sources */ = {isa = PBXBuildFile; fileRef = 351CA73D1E1FB7B0002EA450 /* SIKObj.cpp */; };
		351CA74C1E1FB7B0002EA450 /* SIKParser.cpp in Sources */ = {isa = PBXBuildFile; fileRef = 351CA73F1E1FB7B0002EA450 /* SIKParser.cpp */; };
		351CA74D1E1FB7B0002EA450 /* SIKScript.cpp in Sources */ = {isa = PBXBuildFile; fileRef = 351CA7411E1FB7B0002EA450 /* SIKScript.cpp */; };
		351CA74E1E1FB7B0002EA450 /* SIKVm.cpp in Sources */ = {isa = PBXBuildFile; fileRef = 351CA7431E1FB7B0002EA450 /* SIKVm.cpp */; };
		3557FF091DCE9177003B2CD5 /* main.cpp in Sources */ = {isa = PBXBuildFile; fileRef = 3557FF081DCE9177003B2CD5 /* main.cpp */; };
		3557FF111DCE91C6003B2CD5 /* SIK_Lex.cpp in Sources */ = {isa = PBXBuildFile; fileRef = 3557FF0F1DCE91C6003B2CD5 /* SIK_Lex.cpp */; };
		3557FF131DCE94C5003B2CD5 /* SIKAdd.hpp in Sources */ = {isa = PBXBuildFile; fileRef = 3557FF121DCE94C5003B2CD5 /* SIKAdd.hpp */; };
		3557FF161DCEA26A003B2CD5 /* SIKTokens.cpp in Sources */ = {isa = PBXBuildFile; fileRef = 3557FF141DCEA26A003B2CD5 /* SIKTokens.cpp */; };
/* End PBXBuildFile section */

/* Begin PBXCopyFilesBuildPhase section */
		3557FF031DCE9177003B2CD5 /* CopyFiles */ = {
			isa = PBXCopyFilesBuildPhase;
			buildActionMask = 12;
			dstPath = /usr/share/man/man1;
			dstSubfolderSpec = 0;
			files = (
			);
			runOnlyForDeploymentPostprocessing = 0;
		};
/* End PBXCopyFilesBuildPhase section */

/* Begin PBXFileReference section */
		350299A71E3B9031008004F6 /* tinydir.h */ = {isa = PBXFileReference; fileEncoding = 4; lastKnownFileType = sourcecode.c.h; path = tinydir.h; sourceTree = "<group>"; };
		351CA7301E1FB7B0002EA450 /* argvparser.cpp */ = {isa = PBXFileReference; fileEncoding = 4; lastKnownFileType = sourcecode.cpp.cpp; path = argvparser.cpp; sourceTree = "<group>"; };
		351CA7311E1FB7B0002EA450 /* argvparser.hpp */ = {isa = PBXFileReference; fileEncoding = 4; lastKnownFileType = sourcecode.cpp.h; path = argvparser.hpp; sourceTree = "<group>"; };
		351CA7321E1FB7B0002EA450 /* SETSIK.hpp */ = {isa = PBXFileReference; fileEncoding = 4; lastKnownFileType = sourcecode.cpp.h; path = SETSIK.hpp; sourceTree = "<group>"; };
		351CA7331E1FB7B0002EA450 /* SIKAnaCode.cpp */ = {isa = PBXFileReference; fileEncoding = 4; lastKnownFileType = sourcecode.cpp.cpp; path = SIKAnaCode.cpp; sourceTree = "<group>"; };
		351CA7341E1FB7B0002EA450 /* SIKAnaCode.hpp */ = {isa = PBXFileReference; fileEncoding = 4; lastKnownFileType = sourcecode.cpp.h; path = SIKAnaCode.hpp; sourceTree = "<group>"; };
		351CA7351E1FB7B0002EA450 /* SIKAst.cpp */ = {isa = PBXFileReference; fileEncoding = 4; lastKnownFileType = sourcecode.cpp.cpp; path = SIKAst.cpp; sourceTree = "<group>"; };
		351CA7361E1FB7B0002EA450 /* SIKAst.hpp */ = {isa = PBXFileReference; fileEncoding = 4; lastKnownFileType = sourcecode.cpp.h; path = SIKAst.hpp; sourceTree = "<group>"; };
		351CA7371E1FB7B0002EA450 /* SIKException.cpp */ = {isa = PBXFileReference; fileEncoding = 4; lastKnownFileType = sourcecode.cpp.cpp; path = SIKException.cpp; sourceTree = "<group>"; };
		351CA7381E1FB7B0002EA450 /* SIKException.hpp */ = {isa = PBXFileReference; fileEncoding = 4; lastKnownFileType = sourcecode.cpp.h; path = SIKException.hpp; sourceTree = "<group>"; };
		351CA7391E1FB7B0002EA450 /* SIKInstruct.cpp */ = {isa = PBXFileReference; fileEncoding = 4; lastKnownFileType = sourcecode.cpp.cpp; path = SIKInstruct.cpp; sourceTree = "<group>"; };
		351CA73A1E1FB7B0002EA450 /* SIKInstruct.hpp */ = {isa = PBXFileReference; fileEncoding = 4; lastKnownFileType = sourcecode.cpp.h; path = SIKInstruct.hpp; sourceTree = "<group>"; };
		351CA73B1E1FB7B0002EA450 /* SIKLang.cpp */ = {isa = PBXFileReference; fileEncoding = 4; lastKnownFileType = sourcecode.cpp.cpp; path = SIKLang.cpp; sourceTree = "<group>"; };
		351CA73C1E1FB7B0002EA450 /* SIKLang.hpp */ = {isa = PBXFileReference; fileEncoding = 4; lastKnownFileType = sourcecode.cpp.h; path = SIKLang.hpp; sourceTree = "<group>"; };
		351CA73D1E1FB7B0002EA450 /* SIKObj.cpp */ = {isa = PBXFileReference; fileEncoding = 4; lastKnownFileType = sourcecode.cpp.cpp; path = SIKObj.cpp; sourceTree = "<group>"; };
		351CA73E1E1FB7B0002EA450 /* SIKObj.hpp */ = {isa = PBXFileReference; fileEncoding = 4; lastKnownFileType = sourcecode.cpp.h; path = SIKObj.hpp; sourceTree = "<group>"; };
		351CA73F1E1FB7B0002EA450 /* SIKParser.cpp */ = {isa = PBXFileReference; fileEncoding = 4; lastKnownFileType = sourcecode.cpp.cpp; path = SIKParser.cpp; sourceTree = "<group>"; };
		351CA7401E1FB7B0002EA450 /* SIKParser.hpp */ = {isa = PBXFileReference; fileEncoding = 4; lastKnownFileType = sourcecode.cpp.h; path = SIKParser.hpp; sourceTree = "<group>"; };
		351CA7411E1FB7B0002EA450 /* SIKScript.cpp */ = {isa = PBXFileReference; fileEncoding = 4; lastKnownFileType = sourcecode.cpp.cpp; path = SIKScript.cpp; sourceTree = "<group>"; };
		351CA7421E1FB7B0002EA450 /* SIKScript.hpp */ = {isa = PBXFileReference; fileEncoding = 4; lastKnownFileType = sourcecode.cpp.h; path = SIKScript.hpp; sourceTree = "<group>"; };
		351CA7431E1FB7B0002EA450 /* SIKVm.cpp */ = {isa = PBXFileReference; fileEncoding = 4; lastKnownFileType = sourcecode.cpp.cpp; path = SIKVm.cpp; sourceTree = "<group>"; };
		351CA7441E1FB7B0002EA450 /* SIKVm.hpp */ = {isa = PBXFileReference; fileEncoding = 4; lastKnownFileType = sourcecode.cpp.h; path = SIKVm.hpp; sourceTree = "<group>"; };
		351CA74F1E1FB7CB002EA450 /* More */ = {isa = PBXFileReference; lastKnownFileType = folder; path = More; sourceTree = "<group>"; };
		351CA7511E1FBC2F002EA450 /* siktest.sik */ = {isa = PBXFileReference; lastKnownFileType = text; name = siktest.sik; path = More/siktest.sik; sourceTree = "<group>"; };
		3557FF051DCE9177003B2CD5 /* SIK */ = {isa = PBXFileReference; explicitFileType = "compiled.mach-o.executable"; includeInIndex = 0; path = SIK; sourceTree = BUILT_PRODUCTS_DIR; };
		3557FF081DCE9177003B2CD5 /* main.cpp */ = {isa = PBXFileReference; lastKnownFileType = sourcecode.cpp.cpp; path = main.cpp; sourceTree = "<group>"; };
		3557FF0F1DCE91C6003B2CD5 /* SIK_Lex.cpp */ = {isa = PBXFileReference; fileEncoding = 4; lastKnownFileType = sourcecode.cpp.cpp; path = SIK_Lex.cpp; sourceTree = "<group>"; };
		3557FF101DCE91C6003B2CD5 /* SIK_Lex.hpp */ = {isa = PBXFileReference; fileEncoding = 4; lastKnownFileType = sourcecode.cpp.h; path = SIK_Lex.hpp; sourceTree = "<group>"; };
		3557FF121DCE94C5003B2CD5 /* SIKAdd.hpp */ = {isa = PBXFileReference; explicitFileType = sourcecode.cpp.h; fileEncoding = 4; path = SIKAdd.hpp; sourceTree = "<group>"; };
		3557FF141DCEA26A003B2CD5 /* SIKTokens.cpp */ = {isa = PBXFileReference; fileEncoding = 4; lastKnownFileType = sourcecode.cpp.cpp; path = SIKTokens.cpp; sourceTree = "<group>"; };
		3557FF151DCEA26A003B2CD5 /* SIKTokens.hpp */ = {isa = PBXFileReference; fileEncoding = 4; lastKnownFileType = sourcecode.cpp.h; path = SIKTokens.hpp; sourceTree = "<group>"; };
/* End PBXFileReference section */

/* Begin PBXFrameworksBuildPhase section */
		3557FF021DCE9177003B2CD5 /* Frameworks */ = {
			isa = PBXFrameworksBuildPhase;
			buildActionMask = 2147483647;
			files = (
			);
			runOnlyForDeploymentPostprocessing = 0;
		};
/* End PBXFrameworksBuildPhase section */

/* Begin PBXGroup section */
		3557FEFC1DCE9177003B2CD5 = {
			isa = PBXGroup;
			children = (
				351CA7511E1FBC2F002EA450 /* siktest.sik */,
				351CA74F1E1FB7CB002EA450 /* More */,
				3557FF071DCE9177003B2CD5 /* SIK */,
				3557FF061DCE9177003B2CD5 /* Products */,
			);
			sourceTree = "<group>";
		};
		3557FF061DCE9177003B2CD5 /* Products */ = {
			isa = PBXGroup;
			children = (
				3557FF051DCE9177003B2CD5 /* SIK */,
			);
			name = Products;
			sourceTree = "<group>";
		};
		3557FF071DCE9177003B2CD5 /* SIK */ = {
			isa = PBXGroup;
			children = (
				350299A71E3B9031008004F6 /* tinydir.h */,
				351CA7301E1FB7B0002EA450 /* argvparser.cpp */,
				351CA7311E1FB7B0002EA450 /* argvparser.hpp */,
				351CA7321E1FB7B0002EA450 /* SETSIK.hpp */,
				351CA7331E1FB7B0002EA450 /* SIKAnaCode.cpp */,
				351CA7341E1FB7B0002EA450 /* SIKAnaCode.hpp */,
				351CA7351E1FB7B0002EA450 /* SIKAst.cpp */,
				351CA7361E1FB7B0002EA450 /* SIKAst.hpp */,
				351CA7371E1FB7B0002EA450 /* SIKException.cpp */,
				351CA7381E1FB7B0002EA450 /* SIKException.hpp */,
				351CA7391E1FB7B0002EA450 /* SIKInstruct.cpp */,
				351CA73A1E1FB7B0002EA450 /* SIKInstruct.hpp */,
				351CA73B1E1FB7B0002EA450 /* SIKLang.cpp */,
				351CA73C1E1FB7B0002EA450 /* SIKLang.hpp */,
				351CA73D1E1FB7B0002EA450 /* SIKObj.cpp */,
				351CA73E1E1FB7B0002EA450 /* SIKObj.hpp */,
				351CA73F1E1FB7B0002EA450 /* SIKParser.cpp */,
				351CA7401E1FB7B0002EA450 /* SIKParser.hpp */,
				351CA7411E1FB7B0002EA450 /* SIKScript.cpp */,
				351CA7421E1FB7B0002EA450 /* SIKScript.hpp */,
				351CA7431E1FB7B0002EA450 /* SIKVm.cpp */,
				351CA7441E1FB7B0002EA450 /* SIKVm.hpp */,
				3557FF081DCE9177003B2CD5 /* main.cpp */,
				3557FF0F1DCE91C6003B2CD5 /* SIK_Lex.cpp */,
				3557FF101DCE91C6003B2CD5 /* SIK_Lex.hpp */,
				3557FF121DCE94C5003B2CD5 /* SIKAdd.hpp */,
				3557FF141DCEA26A003B2CD5 /* SIKTokens.cpp */,
				3557FF151DCEA26A003B2CD5 /* SIKTokens.hpp */,
			);
			path = SIK;
			sourceTree = "<group>";
		};
/* End PBXGroup section */

/* Begin PBXNativeTarget section */
		3557FF041DCE9177003B2CD5 /* SIK */ = {
			isa = PBXNativeTarget;
			buildConfigurationList = 3557FF0C1DCE9177003B2CD5 /* Build configuration list for PBXNativeTarget "SIK" */;
			buildPhases = (
				3557FF011DCE9177003B2CD5 /* Sources */,
				3557FF021DCE9177003B2CD5 /* Frameworks */,
				3557FF031DCE9177003B2CD5 /* CopyFiles */,
			);
			buildRules = (
			);
			dependencies = (
			);
			name = SIK;
			productName = SIK;
			productReference = 3557FF051DCE9177003B2CD5 /* SIK */;
			productType = "com.apple.product-type.tool";
		};
/* End PBXNativeTarget section */

/* Begin PBXProject section */
		3557FEFD1DCE9177003B2CD5 /* Project object */ = {
			isa = PBXProject;
			attributes = {
				LastUpgradeCheck = 0720;
				ORGANIZATIONNAME = "Shlomo Hassid";
				TargetAttributes = {
					3557FF041DCE9177003B2CD5 = {
						CreatedOnToolsVersion = 7.2;
					};
				};
			};
			buildConfigurationList = 3557FF001DCE9177003B2CD5 /* Build configuration list for PBXProject "SIK" */;
			compatibilityVersion = "Xcode 3.2";
			developmentRegion = English;
			hasScannedForEncodings = 0;
			knownRegions = (
				en,
			);
			mainGroup = 3557FEFC1DCE9177003B2CD5;
			productRefGroup = 3557FF061DCE9177003B2CD5 /* Products */;
			projectDirPath = "";
			projectRoot = "";
			targets = (
				3557FF041DCE9177003B2CD5 /* SIK */,
			);
		};
/* End PBXProject section */

/* Begin PBXSourcesBuildPhase section */
		3557FF011DCE9177003B2CD5 /* Sources */ = {
			isa = PBXSourcesBuildPhase;
			buildActionMask = 2147483647;
			files = (
				351CA7471E1FB7B0002EA450 /* SIKAst.cpp in Sources */,
				351CA74B1E1FB7B0002EA450 /* SIKObj.cpp in Sources */,
				351CA74A1E1FB7B0002EA450 /* SIKLang.cpp in Sources */,
				3557FF111DCE91C6003B2CD5 /* SIK_Lex.cpp in Sources */,
				351CA7461E1FB7B0002EA450 /* SIKAnaCode.cpp in Sources */,
				3557FF161DCEA26A003B2CD5 /* SIKTokens.cpp in Sources */,
				351CA74E1E1FB7B0002EA450 /* SIKVm.cpp in Sources */,
				351CA74C1E1FB7B0002EA450 /* SIKParser.cpp in Sources */,
				351CA7491E1FB7B0002EA450 /* SIKInstruct.cpp in Sources */,
				351CA74D1E1FB7B0002EA450 /* SIKScript.cpp in Sources */,
				351CA7451E1FB7B0002EA450 /* argvparser.cpp in Sources */,
				3557FF131DCE94C5003B2CD5 /* SIKAdd.hpp in Sources */,
				3557FF091DCE9177003B2CD5 /* main.cpp in Sources */,
				351CA7481E1FB7B0002EA450 /* SIKException.cpp in Sources */,
			);
			runOnlyForDeploymentPostprocessing = 0;
		};
/* End PBXSourcesBuildPhase section */

/* Begin XCBuildConfiguration section */
		3557FF0A1DCE9177003B2CD5 /* Debug */ = {
			isa = XCBuildConfiguration;
			buildSettings = {
				ALWAYS_SEARCH_USER_PATHS = NO;
				CLANG_CXX_LANGUAGE_STANDARD = "gnu++0x";
				CLANG_CXX_LIBRARY = "libc++";
				CLANG_ENABLE_MODULES = YES;
				CLANG_ENABLE_OBJC_ARC = YES;
				CLANG_WARN_BOOL_CONVERSION = YES;
				CLANG_WARN_CONSTANT_CONVERSION = YES;
				CLANG_WARN_DIRECT_OBJC_ISA_USAGE = YES_ERROR;
				CLANG_WARN_EMPTY_BODY = YES;
				CLANG_WARN_ENUM_CONVERSION = YES;
				CLANG_WARN_INT_CONVERSION = YES;
				CLANG_WARN_OBJC_ROOT_CLASS = YES_ERROR;
				CLANG_WARN_UNREACHABLE_CODE = YES;
				CLANG_WARN__DUPLICATE_METHOD_MATCH = YES;
				CODE_SIGN_IDENTITY = "-";
				COPY_PHASE_STRIP = NO;
				DEBUG_INFORMATION_FORMAT = dwarf;
				ENABLE_STRICT_OBJC_MSGSEND = YES;
				ENABLE_TESTABILITY = YES;
				GCC_C_LANGUAGE_STANDARD = gnu99;
				GCC_DYNAMIC_NO_PIC = NO;
				GCC_NO_COMMON_BLOCKS = YES;
				GCC_OPTIMIZATION_LEVEL = 0;
				GCC_PREPROCESSOR_DEFINITIONS = (
					"DEBUG=1",
					"$(inherited)",
				);
				GCC_WARN_64_TO_32_BIT_CONVERSION = YES;
				GCC_WARN_ABOUT_RETURN_TYPE = YES_ERROR;
				GCC_WARN_UNDECLARED_SELECTOR = YES;
				GCC_WARN_UNINITIALIZED_AUTOS = YES_AGGRESSIVE;
				GCC_WARN_UNUSED_FUNCTION = YES;
				GCC_WARN_UNUSED_VARIABLE = YES;
				MACOSX_DEPLOYMENT_TARGET = 10.11;
				MTL_ENABLE_DEBUG_INFO = YES;
				ONLY_ACTIVE_ARCH = YES;
				SDKROOT = macosx;
			};
			name = Debug;
		};
		3557FF0B1DCE9177003B2CD5 /* Release */ = {
			isa = XCBuildConfiguration;
			buildSettings = {
				ALWAYS_SEARCH_USER_PATHS = NO;
				CLANG_CXX_LANGUAGE_STANDARD = "gnu++0x";
				CLANG_CXX_LIBRARY = "libc++";
				CLANG_ENABLE_MODULES = YES;
				CLANG_ENABLE_OBJC_ARC = YES;
				CLANG_WARN_BOOL_CONVERSION = YES;
				CLANG_WARN_CONSTANT_CONVERSION = YES;
				CLANG_WARN_DIRECT_OBJC_ISA_USAGE = YES_ERROR;
				CLANG_WARN_EMPTY_BODY = YES;
				CLANG_WARN_ENUM_CONVERSION = YES;
				CLANG_WARN_INT_CONVERSION = YES;
				CLANG_WARN_OBJC_ROOT_CLASS = YES_ERROR;
				CLANG_WARN_UNREACHABLE_CODE = YES;
				CLANG_WARN__DUPLICATE_METHOD_MATCH = YES;
				CODE_SIGN_IDENTITY = "-";
				COPY_PHASE_STRIP = NO;
				DEBUG_INFORMATION_FORMAT = "dwarf-with-dsym";
				ENABLE_NS_ASSERTIONS = NO;
				ENABLE_STRICT_OBJC_MSGSEND = YES;
				GCC_C_LANGUAGE_STANDARD = gnu99;
				GCC_NO_COMMON_BLOCKS = YES;
				GCC_WARN_64_TO_32_BIT_CONVERSION = YES;
				GCC_WARN_ABOUT_RETURN_TYPE = YES_ERROR;
				GCC_WARN_UNDECLARED_SELECTOR = YES;
				GCC_WARN_UNINITIALIZED_AUTOS = YES_AGGRESSIVE;
				GCC_WARN_UNUSED_FUNCTION = YES;
				GCC_WARN_UNUSED_VARIABLE = YES;
				MACOSX_DEPLOYMENT_TARGET = 10.11;
				MTL_ENABLE_DEBUG_INFO = NO;
				SDKROOT = macosx;
			};
			name = Release;
		};
		3557FF0D1DCE9177003B2CD5 /* Debug */ = {
			isa = XCBuildConfiguration;
			buildSettings = {
				PRODUCT_NAME = "$(TARGET_NAME)";
			};
			name = Debug;
		};
		3557FF0E1DCE9177003B2CD5 /* Release */ = {
			isa = XCBuildConfiguration;
			buildSettings = {
				PRODUCT_NAME = "$(TARGET_NAME)";
			};
			name = Release;
		};
/* End XCBuildConfiguration section */

/* Begin XCConfigurationList section */
		3557FF001DCE9177003B2CD5 /* Build configuration list for PBXProject "SIK" */ = {
			isa = XCConfigurationList;
			buildConfigurations = (
				3557FF0A1DCE9177003B2CD5 /* Debug */,
				3557FF0B1DCE9177003B2CD5 /* Release */,
			);
			defaultConfigurationIsVisible = 0;
			defaultConfigurationName = Release;
		};
		3557FF0C1DCE9177003B2CD5 /* Build configuration list for PBXNativeTarget "SIK" */ = {
			isa = XCConfigurationList;
			buildConfigurations = (
				3557FF0D1DCE9177003B2CD5 /* Debug */,
				3557FF0E1DCE9177003B2CD5 /* Release */,
			);
			defaultConfigurationIsVisible = 0;
			defaultConfigurationName = Release;
		};
/* End XCConfigurationList section */
	};
	rootObject = 3557FEFD1DCE9177003B2CD5 /* Project object */;
}
