// !$*UTF8*$!
{
	archiveVersion = 1;
	classes = {
	};
	objectVersion = 46;
	objects = {

/* Begin PBXBuildFile section */
		3557FF091DCE9177003B2CD5 /* main.cpp in Sources */ = {isa = PBXBuildFile; fileRef = 3557FF081DCE9177003B2CD5 /* main.cpp */; };
		3557FF111DCE91C6003B2CD5 /* SIK_Lex.cpp in Sources */ = {isa = PBXBuildFile; fileRef = 3557FF0F1DCE91C6003B2CD5 /* SIK_Lex.cpp */; };
		3557FF131DCE94C5003B2CD5 /* SIKAdd.hpp in Sources */ = {isa = PBXBuildFile; fileRef = 3557FF121DCE94C5003B2CD5 /* SIKAdd.hpp */; };
		3557FF161DCEA26A003B2CD5 /* SIKTokens.cpp in Sources */ = {isa = PBXBuildFile; fileRef = 3557FF141DCEA26A003B2CD5 /* SIKTokens.cpp */; };
/* End PBXBuildFile section */

/* Begin PBXCopyFilesBuildPhase section */
		3557FF031DCE9177003B2CD5 /* CopyFiles */ = {
			isa = PBXCopyFilesBuildPhase;
			buildActionMask = 2147483647;
			dstPath = /usr/share/man/man1/;
			dstSubfolderSpec = 0;
			files = (
			);
			runOnlyForDeploymentPostprocessing = 1;
		};
/* End PBXCopyFilesBuildPhase section */

/* Begin PBXFileReference section */
		3557FF051DCE9177003B2CD5 /* SIK */ = {isa = PBXFileReference; explicitFileType = "compiled.mach-o.executable"; includeInIndex = 0; path = SIK; sourceTree = BUILT_PRODUCTS_DIR; };
		3557FF081DCE9177003B2CD5 /* main.cpp */ = {isa = PBXFileReference; lastKnownFileType = sourcecode.cpp.cpp; path = main.cpp; sourceTree = "<group>"; };
		3557FF0F1DCE91C6003B2CD5 /* SIK_Lex.cpp */ = {isa = PBXFileReference; fileEncoding = 4; lastKnownFileType = sourcecode.cpp.cpp; path = SIK_Lex.cpp; sourceTree = "<group>"; };
		3557FF101DCE91C6003B2CD5 /* SIK_Lex.hpp */ = {isa = PBXFileReference; fileEncoding = 4; lastKnownFileType = sourcecode.cpp.h; path = SIK_Lex.hpp; sourceTree = "<group>"; };
		3557FF121DCE94C5003B2CD5 /* SIKAdd.hpp */ = {isa = PBXFileReference; explicitFileType = sourcecode.cpp.h; fileEncoding = 4; path = SIKAdd.hpp; sourceTree = "<group>"; };
		3557FF141DCEA26A003B2CD5 /* SIKTokens.cpp */ = {isa = PBXFileReference; fileEncoding = 4; lastKnownFileType = sourcecode.cpp.cpp; path = SIKTokens.cpp; sourceTree = "<group>"; };
		3557FF151DCEA26A003B2CD5 /* SIKTokens.hpp */ = {isa = PBXFileReference; fileEncoding = 4; lastKnownFileType = sourcecode.cpp.h; path = SIKTokens.hpp; sourceTree = "<group>"; };
/* End PBXFileReference section */

/* Begin PBXFrameworksBuildPhase section */
		3557FF021DCE9177003B2CD5 /* Frameworks */ = {
			isa = PBXFrameworksBuildPhase;
			buildActionMask = 2147483647;
			files = (
			);
			runOnlyForDeploymentPostprocessing = 0;
		};
/* End PBXFrameworksBuildPhase section */

/* Begin PBXGroup section */
		3557FEFC1DCE9177003B2CD5 = {
			isa = PBXGroup;
			children = (
				3557FF071DCE9177003B2CD5 /* SIK */,
				3557FF061DCE9177003B2CD5 /* Products */,
			);
			sourceTree = "<group>";
		};
		3557FF061DCE9177003B2CD5 /* Products */ = {
			isa = PBXGroup;
			children = (
				3557FF051DCE9177003B2CD5 /* SIK */,
			);
			name = Products;
			sourceTree = "<group>";
		};
		3557FF071DCE9177003B2CD5 /* SIK */ = {
			isa = PBXGroup;
			children = (
				3557FF081DCE9177003B2CD5 /* main.cpp */,
				3557FF0F1DCE91C6003B2CD5 /* SIK_Lex.cpp */,
				3557FF101DCE91C6003B2CD5 /* SIK_Lex.hpp */,
				3557FF121DCE94C5003B2CD5 /* SIKAdd.hpp */,
				3557FF141DCEA26A003B2CD5 /* SIKTokens.cpp */,
				3557FF151DCEA26A003B2CD5 /* SIKTokens.hpp */,
			);
			path = SIK;
			sourceTree = "<group>";
		};
/* End PBXGroup section */

/* Begin PBXNativeTarget section */
		3557FF041DCE9177003B2CD5 /* SIK */ = {
			isa = PBXNativeTarget;
			buildConfigurationList = 3557FF0C1DCE9177003B2CD5 /* Build configuration list for PBXNativeTarget "SIK" */;
			buildPhases = (
				3557FF011DCE9177003B2CD5 /* Sources */,
				3557FF021DCE9177003B2CD5 /* Frameworks */,
				3557FF031DCE9177003B2CD5 /* CopyFiles */,
			);
			buildRules = (
			);
			dependencies = (
			);
			name = SIK;
			productName = SIK;
			productReference = 3557FF051DCE9177003B2CD5 /* SIK */;
			productType = "com.apple.product-type.tool";
		};
/* End PBXNativeTarget section */

/* Begin PBXProject section */
		3557FEFD1DCE9177003B2CD5 /* Project object */ = {
			isa = PBXProject;
			attributes = {
				LastUpgradeCheck = 0720;
				ORGANIZATIONNAME = "Shlomo Hassid";
				TargetAttributes = {
					3557FF041DCE9177003B2CD5 = {
						CreatedOnToolsVersion = 7.2;
					};
				};
			};
			buildConfigurationList = 3557FF001DCE9177003B2CD5 /* Build configuration list for PBXProject "SIK" */;
			compatibilityVersion = "Xcode 3.2";
			developmentRegion = English;
			hasScannedForEncodings = 0;
			knownRegions = (
				en,
			);
			mainGroup = 3557FEFC1DCE9177003B2CD5;
			productRefGroup = 3557FF061DCE9177003B2CD5 /* Products */;
			projectDirPath = "";
			projectRoot = "";
			targets = (
				3557FF041DCE9177003B2CD5 /* SIK */,
			);
		};
/* End PBXProject section */

/* Begin PBXSourcesBuildPhase section */
		3557FF011DCE9177003B2CD5 /* Sources */ = {
			isa = PBXSourcesBuildPhase;
			buildActionMask = 2147483647;
			files = (
				3557FF111DCE91C6003B2CD5 /* SIK_Lex.cpp in Sources */,
				3557FF161DCEA26A003B2CD5 /* SIKTokens.cpp in Sources */,
				3557FF131DCE94C5003B2CD5 /* SIKAdd.hpp in Sources */,
				3557FF091DCE9177003B2CD5 /* main.cpp in Sources */,
			);
			runOnlyForDeploymentPostprocessing = 0;
		};
/* End PBXSourcesBuildPhase section */

/* Begin XCBuildConfiguration section */
		3557FF0A1DCE9177003B2CD5 /* Debug */ = {
			isa = XCBuildConfiguration;
			buildSettings = {
				ALWAYS_SEARCH_USER_PATHS = NO;
				CLANG_CXX_LANGUAGE_STANDARD = "gnu++0x";
				CLANG_CXX_LIBRARY = "libc++";
				CLANG_ENABLE_MODULES = YES;
				CLANG_ENABLE_OBJC_ARC = YES;
				CLANG_WARN_BOOL_CONVERSION = YES;
				CLANG_WARN_CONSTANT_CONVERSION = YES;
				CLANG_WARN_DIRECT_OBJC_ISA_USAGE = YES_ERROR;
				CLANG_WARN_EMPTY_BODY = YES;
				CLANG_WARN_ENUM_CONVERSION = YES;
				CLANG_WARN_INT_CONVERSION = YES;
				CLANG_WARN_OBJC_ROOT_CLASS = YES_ERROR;
				CLANG_WARN_UNREACHABLE_CODE = YES;
				CLANG_WARN__DUPLICATE_METHOD_MATCH = YES;
				CODE_SIGN_IDENTITY = "-";
				COPY_PHASE_STRIP = NO;
				DEBUG_INFORMATION_FORMAT = dwarf;
				ENABLE_STRICT_OBJC_MSGSEND = YES;
				ENABLE_TESTABILITY = YES;
				GCC_C_LANGUAGE_STANDARD = gnu99;
				GCC_DYNAMIC_NO_PIC = NO;
				GCC_NO_COMMON_BLOCKS = YES;
				GCC_OPTIMIZATION_LEVEL = 0;
				GCC_PREPROCESSOR_DEFINITIONS = (
					"DEBUG=1",
					"$(inherited)",
				);
				GCC_WARN_64_TO_32_BIT_CONVERSION = YES;
				GCC_WARN_ABOUT_RETURN_TYPE = YES_ERROR;
				GCC_WARN_UNDECLARED_SELECTOR = YES;
				GCC_WARN_UNINITIALIZED_AUTOS = YES_AGGRESSIVE;
				GCC_WARN_UNUSED_FUNCTION = YES;
				GCC_WARN_UNUSED_VARIABLE = YES;
				MACOSX_DEPLOYMENT_TARGET = 10.11;
				MTL_ENABLE_DEBUG_INFO = YES;
				ONLY_ACTIVE_ARCH = YES;
				SDKROOT = macosx;
			};
			name = Debug;
		};
		3557FF0B1DCE9177003B2CD5 /* Release */ = {
			isa = XCBuildConfiguration;
			buildSettings = {
				ALWAYS_SEARCH_USER_PATHS = NO;
				CLANG_CXX_LANGUAGE_STANDARD = "gnu++0x";
				CLANG_CXX_LIBRARY = "libc++";
				CLANG_ENABLE_MODULES = YES;
				CLANG_ENABLE_OBJC_ARC = YES;
				CLANG_WARN_BOOL_CONVERSION = YES;
				CLANG_WARN_CONSTANT_CONVERSION = YES;
				CLANG_WARN_DIRECT_OBJC_ISA_USAGE = YES_ERROR;
				CLANG_WARN_EMPTY_BODY = YES;
				CLANG_WARN_ENUM_CONVERSION = YES;
				CLANG_WARN_INT_CONVERSION = YES;
				CLANG_WARN_OBJC_ROOT_CLASS = YES_ERROR;
				CLANG_WARN_UNREACHABLE_CODE = YES;
				CLANG_WARN__DUPLICATE_METHOD_MATCH = YES;
				CODE_SIGN_IDENTITY = "-";
				COPY_PHASE_STRIP = NO;
				DEBUG_INFORMATION_FORMAT = "dwarf-with-dsym";
				ENABLE_NS_ASSERTIONS = NO;
				ENABLE_STRICT_OBJC_MSGSEND = YES;
				GCC_C_LANGUAGE_STANDARD = gnu99;
				GCC_NO_COMMON_BLOCKS = YES;
				GCC_WARN_64_TO_32_BIT_CONVERSION = YES;
				GCC_WARN_ABOUT_RETURN_TYPE = YES_ERROR;
				GCC_WARN_UNDECLARED_SELECTOR = YES;
				GCC_WARN_UNINITIALIZED_AUTOS = YES_AGGRESSIVE;
				GCC_WARN_UNUSED_FUNCTION = YES;
				GCC_WARN_UNUSED_VARIABLE = YES;
				MACOSX_DEPLOYMENT_TARGET = 10.11;
				MTL_ENABLE_DEBUG_INFO = NO;
				SDKROOT = macosx;
			};
			name = Release;
		};
		3557FF0D1DCE9177003B2CD5 /* Debug */ = {
			isa = XCBuildConfiguration;
			buildSettings = {
				PRODUCT_NAME = "$(TARGET_NAME)";
			};
			name = Debug;
		};
		3557FF0E1DCE9177003B2CD5 /* Release */ = {
			isa = XCBuildConfiguration;
			buildSettings = {
				PRODUCT_NAME = "$(TARGET_NAME)";
			};
			name = Release;
		};
/* End XCBuildConfiguration section */

/* Begin XCConfigurationList section */
		3557FF001DCE9177003B2CD5 /* Build configuration list for PBXProject "SIK" */ = {
			isa = XCConfigurationList;
			buildConfigurations = (
				3557FF0A1DCE9177003B2CD5 /* Debug */,
				3557FF0B1DCE9177003B2CD5 /* Release */,
			);
			defaultConfigurationIsVisible = 0;
			defaultConfigurationName = Release;
		};
		3557FF0C1DCE9177003B2CD5 /* Build configuration list for PBXNativeTarget "SIK" */ = {
			isa = XCConfigurationList;
			buildConfigurations = (
				3557FF0D1DCE9177003B2CD5 /* Debug */,
				3557FF0E1DCE9177003B2CD5 /* Release */,
			);
			defaultConfigurationIsVisible = 0;
		};
/* End XCConfigurationList section */
	};
	rootObject = 3557FEFD1DCE9177003B2CD5 /* Project object */;
}
